version: 6
environments:
  default:
    channels:
    - url: https://conda.anaconda.org/conda-forge/
    packages:
      win-64:
      - conda: https://conda.anaconda.org/conda-forge/noarch/black-26.5.1-pyh866005b_0.conda
      - conda: https://conda.anaconda.org/conda-forge/win-64/bzip2-1.0.8-h0ad9c76_9.conda
      - conda: https://conda.anaconda.org/conda-forge/noarch/ca-certificates-2026.4.22-h4c7d964_0.conda
      - conda: https://conda.anaconda.org/conda-forge/noarch/click-8.4.1-pyh6dadd2b_0.conda
      - conda: https://conda.anaconda.org/conda-forge/noarch/colorama-0.4.6-pyhd8ed1ab_1.conda
      - conda: https://conda.anaconda.org/conda-forge/win-64/libblas-3.11.0-6_hf2e6a31_mkl.conda
      - conda: https://conda.anaconda.org/conda-forge/win-64/libcblas-3.11.0-6_h2a3cdd5_mkl.conda
      - conda: https://conda.anaconda.org/conda-forge/win-64/libexpat-2.7.5-hac47afa_0.conda
      - conda: https://conda.anaconda.org/conda-forge/win-64/libffi-3.5.2-h3d046cb_0.conda
      - conda: https://conda.anaconda.org/conda-forge/win-64/libhwloc-2.12.2-default_h4379cf1_1000.conda
      - conda: https://conda.anaconda.org/conda-forge/win-64/libiconv-1.18-hc1393d2_2.conda
      - conda: https://conda.anaconda.org/conda-forge/win-64/liblapack-3.11.0-6_hf9ab0e9_mkl.conda
      - conda: https://conda.anaconda.org/conda-forge/win-64/liblzma-5.8.3-hfd05255_0.conda
      - conda: https://conda.anaconda.org/conda-forge/win-64/libsqlite-3.53.0-hf5d6505_0.conda
      - conda: https://conda.anaconda.org/conda-forge/win-64/libwinpthread-12.0.0.r4.gg4f2fc60ca-h57928b3_10.conda
      - conda: https://conda.anaconda.org/conda-forge/win-64/libxml2-16-2.15.3-h692994f_0.conda
      - conda: https://conda.anaconda.org/conda-forge/win-64/libxml2-2.15.3-hbc0d294_0.conda
      - conda: https://conda.anaconda.org/conda-forge/win-64/libzlib-1.3.2-hfd05255_2.conda
      - conda: https://conda.anaconda.org/conda-forge/win-64/llvm-openmp-22.1.4-h4fa8253_0.conda
      - conda: https://conda.anaconda.org/conda-forge/win-64/mkl-2025.3.1-hac47afa_12.conda
      - conda: https://conda.anaconda.org/conda-forge/noarch/mypy_extensions-1.1.0-pyha770c72_0.conda
      - conda: https://conda.anaconda.org/conda-forge/win-64/numpy-2.4.3-py312ha3f287d_0.conda
      - conda: https://conda.anaconda.org/conda-forge/win-64/onemkl-license-2025.3.1-h57928b3_12.conda
      - conda: https://conda.anaconda.org/conda-forge/win-64/openssl-3.6.2-hf411b9b_0.conda
      - conda: https://conda.anaconda.org/conda-forge/noarch/packaging-26.2-pyhc364b38_0.conda
      - conda: https://conda.anaconda.org/conda-forge/noarch/pathspec-1.1.1-pyhd8ed1ab_0.conda
      - conda: https://conda.anaconda.org/conda-forge/noarch/pip-26.0.1-pyh8b19718_0.conda
      - conda: https://conda.anaconda.org/conda-forge/noarch/platformdirs-4.10.0-pyhcf101f3_0.conda
      - conda: https://conda.anaconda.org/conda-forge/win-64/python-3.12.13-h0159041_0_cpython.conda
      - conda: https://conda.anaconda.org/conda-forge/noarch/python_abi-3.12-8_cp312.conda
      - conda: https://conda.anaconda.org/conda-forge/win-64/pytokens-0.4.1-py312he5662c2_2.conda
      - conda: https://conda.anaconda.org/conda-forge/noarch/setuptools-82.0.1-pyh332efcf_0.conda
      - conda: https://conda.anaconda.org/conda-forge/win-64/tbb-2022.3.0-h3155e25_2.conda
      - conda: https://conda.anaconda.org/conda-forge/win-64/tk-8.6.13-h6ed50ae_3.conda
      - conda: https://conda.anaconda.org/conda-forge/noarch/tzdata-2025c-hc9c84f9_1.conda
      - conda: https://conda.anaconda.org/conda-forge/win-64/ucrt-10.0.26100.0-h57928b3_0.conda
      - conda: https://conda.anaconda.org/conda-forge/win-64/vc-14.3-h41ae7f8_34.conda
      - conda: https://conda.anaconda.org/conda-forge/win-64/vc14_runtime-14.44.35208-h818238b_34.conda
      - conda: https://conda.anaconda.org/conda-forge/win-64/vcomp14-14.44.35208-h818238b_34.conda
      - conda: https://conda.anaconda.org/conda-forge/noarch/wheel-0.47.0-pyhd8ed1ab_0.conda
packages:
- conda: https://conda.anaconda.org/conda-forge/noarch/black-26.5.1-pyh866005b_0.conda
  sha256: f194e91242b26a7fd2244bf0ab0acb59c3f20ecbfe81d095d753e9183defbfb7
  md5: 651a8c2065be6883e86ec0e8471ed5ce
  depends:
  - click >=8.0.0
  - mypy_extensions >=0.4.3
  - packaging >=22.0
  - pathspec >=0.9
  - platformdirs >=2
  - python >=3.11
  - pytokens >=0.4
  license: MIT
  license_family: MIT
  size: 176838
  timestamp: 1779460936776
- conda: https://conda.anaconda.org/conda-forge/win-64/bzip2-1.0.8-h0ad9c76_9.conda
  sha256: 76dfb71df5e8d1c4eded2dbb5ba15bb8fb2e2b0fe42d94145d5eed4c75c35902
  md5: 4cb8e6b48f67de0b018719cdf1136306
  depends:
  - ucrt >=10.0.20348.0
  - vc >=14.3,<15
  - vc14_runtime >=14.44.35208
  license: bzip2-1.0.6
  license_family: BSD
  size: 56115
  timestamp: 1771350256444
- conda: https://conda.anaconda.org/conda-forge/noarch/ca-certificates-2026.4.22-h4c7d964_0.conda
  sha256: 6f4ff81534c19e76acf52fcabf4a258088a932b8f1ac56e9a59e98f6051f8e46
  md5: 56fb2c6c73efc627b40c77d14caecfba
  depends:
  - __win
  license: ISC
  size: 131388
  timestamp: 1776865633471
- conda: https://conda.anaconda.org/conda-forge/noarch/click-8.4.1-pyh6dadd2b_0.conda
  sha256: 5b8e8d8876ace41735f51ca43c43cdc9e1b4fbbae0f415d6b8441fec826d8c47
  md5: f73f35eedcd8e89d6c4407df15101233
  depends:
  - __win
  - colorama
  - python >=3.10
  - python
  license: BSD-3-Clause
  license_family: BSD
  size: 104080
  timestamp: 1779900586237
- conda: https://conda.anaconda.org/conda-forge/noarch/colorama-0.4.6-pyhd8ed1ab_1.conda
  sha256: ab29d57dc70786c1269633ba3dff20288b81664d3ff8d21af995742e2bb03287
  md5: 962b9857ee8e7018c22f2776ffa0b2d7
  depends:
  - python >=3.9
  license: BSD-3-Clause
  license_family: BSD
  size: 27011
  timestamp: 1733218222191
- conda: https://conda.anaconda.org/conda-forge/win-64/libblas-3.11.0-6_hf2e6a31_mkl.conda
  build_number: 6
  sha256: 10c8054f007adca8c780cd8bb9335fa5d990f0494b825158d3157983a25b1ea2
  md5: 95543eec964b4a4a7ca3c4c9be481aa1
  depends:
  - mkl >=2025.3.1,<2026.0a0
  constrains:
  - blas 2.306   mkl
  - liblapacke 3.11.0   6*_mkl
  - liblapack  3.11.0   6*_mkl
  - libcblas   3.11.0   6*_mkl
  license: BSD-3-Clause
  license_family: BSD
  size: 68082
  timestamp: 1774503684284
- conda: https://conda.anaconda.org/conda-forge/win-64/libcblas-3.11.0-6_h2a3cdd5_mkl.conda
  build_number: 6
  sha256: 02b2a2225f4899c6aaa1dc723e06b3f7a4903d2129988f91fc1527409b07b0a5
  md5: 9e4bf521c07f4d423cba9296b7927e3c
  depends:
  - libblas 3.11.0 6_hf2e6a31_mkl
  constrains:
  - blas 2.306   mkl
  - liblapacke 3.11.0   6*_mkl
  - liblapack  3.11.0   6*_mkl
  license: BSD-3-Clause
  license_family: BSD
  size: 68221
  timestamp: 1774503722413
- conda: https://conda.anaconda.org/conda-forge/win-64/libexpat-2.7.5-hac47afa_0.conda
  sha256: 6850c3a4d5dc215b86f58518cfb8752998533d6569b08da8df1da72e7c68e571
  md5: bfb43f52f13b7c56e7677aa7a8efdf0c
  depends:
  - ucrt >=10.0.20348.0
  - vc >=14.3,<15
  - vc14_runtime >=14.44.35208
  constrains:
  - expat 2.7.5.*
  license: MIT
  license_family: MIT
  size: 70609
  timestamp: 1774719377850
- conda: https://conda.anaconda.org/conda-forge/win-64/libffi-3.5.2-h3d046cb_0.conda
  sha256: 59d01f2dfa8b77491b5888a5ab88ff4e1574c9359f7e229da254cdfe27ddc190
  md5: 720b39f5ec0610457b725eb3f396219a
  depends:
  - ucrt >=10.0.20348.0
  - vc >=14.3,<15
  - vc14_runtime >=14.44.35208
  license: MIT
  license_family: MIT
  size: 45831
  timestamp: 1769456418774
- conda: https://conda.anaconda.org/conda-forge/win-64/libhwloc-2.12.2-default_h4379cf1_1000.conda
  sha256: 8cdf11333a81085468d9aa536ebb155abd74adc293576f6013fc0c85a7a90da3
  md5: 3b576f6860f838f950c570f4433b086e
  depends:
  - libwinpthread >=12.0.0.r4.gg4f2fc60ca
  - libxml2
  - libxml2-16 >=2.14.6
  - ucrt >=10.0.20348.0
  - vc >=14.3,<15
  - vc14_runtime >=14.44.35208
  license: BSD-3-Clause
  license_family: BSD
  size: 2411241
  timestamp: 1765104337762
- conda: https://conda.anaconda.org/conda-forge/win-64/libiconv-1.18-hc1393d2_2.conda
  sha256: 0dcdb1a5f01863ac4e8ba006a8b0dc1a02d2221ec3319b5915a1863254d7efa7
  md5: 64571d1dd6cdcfa25d0664a5950fdaa2
  depends:
  - ucrt >=10.0.20348.0
  - vc >=14.3,<15
  - vc14_runtime >=14.44.35208
  license: LGPL-2.1-only
  size: 696926
  timestamp: 1754909290005
- conda: https://conda.anaconda.org/conda-forge/win-64/liblapack-3.11.0-6_hf9ab0e9_mkl.conda
  build_number: 6
  sha256: 2e6ac39e456ba13ec8f02fc0787b8a22c89780e24bd5556eaf642177463ffb36
  md5: 7e9cdaf6f302142bc363bbab3b5e7074
  depends:
  - libblas 3.11.0 6_hf2e6a31_mkl
  constrains:
  - blas 2.306   mkl
  - liblapacke 3.11.0   6*_mkl
  - libcblas   3.11.0   6*_mkl
  license: BSD-3-Clause
  license_family: BSD
  size: 80571
  timestamp: 1774503757128
- conda: https://conda.anaconda.org/conda-forge/win-64/liblzma-5.8.3-hfd05255_0.conda
  sha256: d636d1a25234063642f9c531a7bb58d84c1c496411280a36ea000bd122f078f1
  md5: 8f83619ab1588b98dd99c90b0bfc5c6d
  depends:
  - ucrt >=10.0.20348.0
  - vc >=14.3,<15
  - vc14_runtime >=14.44.35208
  constrains:
  - xz 5.8.3.*
  license: 0BSD
  size: 106486
  timestamp: 1775825663227
- conda: https://conda.anaconda.org/conda-forge/win-64/libsqlite-3.53.0-hf5d6505_0.conda
  sha256: 7a6256ea136936df4c4f3b227ba1e273b7d61152f9811b52157af497f07640b0
  md5: 4152b5a8d2513fd7ae9fb9f221a5595d
  depends:
  - ucrt >=10.0.20348.0
  - vc >=14.3,<15
  - vc14_runtime >=14.44.35208
  license: blessing
  size: 1301855
  timestamp: 1775753831574
- conda: https://conda.anaconda.org/conda-forge/win-64/libwinpthread-12.0.0.r4.gg4f2fc60ca-h57928b3_10.conda
  sha256: 0fccf2d17026255b6e10ace1f191d0a2a18f2d65088fd02430be17c701f8ffe0
  md5: 8a86073cf3b343b87d03f41790d8b4e5
  depends:
  - ucrt
  constrains:
  - pthreads-win32 <0.0a0
  - msys2-conda-epoch <0.0a0
  license: MIT AND BSD-3-Clause-Clear
  size: 36621
  timestamp: 1759768399557
- conda: https://conda.anaconda.org/conda-forge/win-64/libxml2-2.15.3-hbc0d294_0.conda
  sha256: da68af9d9d28d65a6916db1bef68f8a25c64c4fdcf759f32a2d2f2f143220adf
  md5: e3b5acbb857a12f5d59e8d174bc536c0
  depends:
  - libiconv >=1.18,<2.0a0
  - liblzma >=5.8.3,<6.0a0
  - libxml2-16 2.15.3 h692994f_0
  - libzlib >=1.3.2,<2.0a0
  - ucrt >=10.0.20348.0
  - vc >=14.3,<15
  - vc14_runtime >=14.44.35208
  constrains:
  - icu <0.0a0
  license: MIT
  license_family: MIT
  size: 43916
  timestamp: 1776376994334
- conda: https://conda.anaconda.org/conda-forge/win-64/libxml2-16-2.15.3-h692994f_0.conda
  sha256: 8038084c60eda2006d0122d05e3364fe8db0a18935ca6ed0168b5ba5aa33f904
  md5: f7d6fcda29570e20851b78d92ea2154e
  depends:
  - libiconv >=1.18,<2.0a0
  - liblzma >=5.8.3,<6.0a0
  - libzlib >=1.3.2,<2.0a0
  - ucrt >=10.0.20348.0
  - vc >=14.3,<15
  - vc14_runtime >=14.44.35208
  constrains:
  - libxml2 2.15.3
  - icu <0.0a0
  license: MIT
  license_family: MIT
  size: 518869
  timestamp: 1776376971242
- conda: https://conda.anaconda.org/conda-forge/win-64/libzlib-1.3.2-hfd05255_2.conda
  sha256: 88609816e0cc7452bac637aaf65783e5edf4fee8a9f8e22bdc3a75882c536061
  md5: dbabbd6234dea34040e631f87676292f
  depends:
  - ucrt >=10.0.20348.0
  - vc >=14.3,<15
  - vc14_runtime >=14.44.35208
  constrains:
  - zlib 1.3.2 *_2
  license: Zlib
  license_family: Other
  size: 58347
  timestamp: 1774072851498
- conda: https://conda.anaconda.org/conda-forge/win-64/llvm-openmp-22.1.4-h4fa8253_0.conda
  sha256: 7d827f8c125ac2fe3a9d5b47c1f95fc540bb8ef78685e4bcf941957257bb1eff
  md5: 761757ab617e8bfef18cc422dd02bbad
  depends:
  - ucrt >=10.0.20348.0
  - vc >=14.3,<15
  - vc14_runtime >=14.44.35208
  constrains:
  - intel-openmp <0.0a0
  - openmp 22.1.4|22.1.4.*
  license: Apache-2.0 WITH LLVM-exception
  license_family: APACHE
  size: 347999
  timestamp: 1776846360348
- conda: https://conda.anaconda.org/conda-forge/win-64/mkl-2025.3.1-hac47afa_12.conda
  sha256: d7b8343e10053c8527e2e20fd96787d368c97129ffa799e863069a36bd299457
  md5: a3b1ee571898432da7e13ecb7bfd76ae
  depends:
  - llvm-openmp >=22.1.4
  - onemkl-license 2025.3.1 h57928b3_12
  - tbb >=2022.3.0
  - ucrt >=10.0.20348.0
  - vc >=14.3,<15
  - vc14_runtime >=14.44.35208
  license: LicenseRef-IntelSimplifiedSoftwareOct2022
  license_family: Proprietary
  size: 100112670
  timestamp: 1776904283842
- conda: https://conda.anaconda.org/conda-forge/noarch/mypy_extensions-1.1.0-pyha770c72_0.conda
  sha256: 6ed158e4e5dd8f6a10ad9e525631e35cee8557718f83de7a4e3966b1f772c4b1
  md5: e9c622e0d00fa24a6292279af3ab6d06
  depends:
  - python >=3.9
  license: MIT
  license_family: MIT
  size: 11766
  timestamp: 1745776666688
- conda: https://conda.anaconda.org/conda-forge/win-64/numpy-2.4.3-py312ha3f287d_0.conda
  sha256: f0b92b9f58406ce21c7d0f037e58cb62380daffb9232c7cb31ab5edc217527e6
  md5: 6169671e14dc7c36eebfd9870446f11c
  depends:
  - python
  - vc >=14.3,<15
  - vc14_runtime >=14.44.35208
  - ucrt >=10.0.20348.0
  - libcblas >=3.9.0,<4.0a0
  - liblapack >=3.9.0,<4.0a0
  - libblas >=3.9.0,<4.0a0
  - python_abi 3.12.* *_cp312
  constrains:
  - numpy-base <0a0
  license: BSD-3-Clause
  license_family: BSD
  size: 7166412
  timestamp: 1773839142889
- conda: https://conda.anaconda.org/conda-forge/win-64/onemkl-license-2025.3.1-h57928b3_12.conda
  sha256: 03eac4174077397a5bc480021e62412e73e80f34072d81053899f65dfe1045c7
  md5: 29ad104e60faa7ed1dc549ec029764bb
  license: LicenseRef-IntelSimplifiedSoftwareOct2022
  license_family: Proprietary
  size: 40890
  timestamp: 1776904134221
- conda: https://conda.anaconda.org/conda-forge/win-64/openssl-3.6.2-hf411b9b_0.conda
  sha256: feb5815125c60f2be4a411e532db1ed1cd2d7261a6a43c54cb6ae90724e2e154
  md5: 05c7d624cff49dbd8db1ad5ba537a8a3
  depends:
  - ca-certificates
  - ucrt >=10.0.20348.0
  - vc >=14.3,<15
  - vc14_runtime >=14.44.35208
  license: Apache-2.0
  license_family: Apache
  size: 9410183
  timestamp: 1775589779763
- conda: https://conda.anaconda.org/conda-forge/noarch/packaging-26.2-pyhc364b38_0.conda
  sha256: 3906abfb6511a3bb309e39b9b1b7bc38f50a723971de2395489fd1f379255890
  md5: 4c06a92e74452cfa53623a81592e8934
  depends:
  - python >=3.8
  - python
  license: Apache-2.0
  license_family: APACHE
  size: 91574
  timestamp: 1777103621679
- conda: https://conda.anaconda.org/conda-forge/noarch/pathspec-1.1.1-pyhd8ed1ab_0.conda
  sha256: 6eaee417d33f298db79bc7185ab1208604c0e6cf51dade34cd513c6f9db9c6f3
  md5: 11adc78451c998c0fd162584abfa3559
  depends:
  - python >=3.10
  license: MPL-2.0
  license_family: MOZILLA
  size: 56559
  timestamp: 1777271601895
- conda: https://conda.anaconda.org/conda-forge/noarch/pip-26.0.1-pyh8b19718_0.conda
  sha256: 8e1497814a9997654ed7990a79c054ea5a42545679407acbc6f7e809c73c9120
  md5: 67bdec43082fd8a9cffb9484420b39a2
  depends:
  - python >=3.10,<3.13.0a0
  - setuptools
  - wheel
  license: MIT
  license_family: MIT
  size: 1181790
  timestamp: 1770270305795
- conda: https://conda.anaconda.org/conda-forge/noarch/platformdirs-4.10.0-pyhcf101f3_0.conda
  sha256: 9e5e1fd3506ccfc4d444fc4d2d39b0ed097d5d0e3bd3d4bdf6bcc81aaf66860d
  md5: 2c5ef45db85d34799771629bd5860fd7
  depends:
  - python >=3.10
  - python
  license: MIT
  license_family: MIT
  size: 26308
  timestamp: 1779972894916
- conda: https://conda.anaconda.org/conda-forge/win-64/python-3.12.13-h0159041_0_cpython.conda
  sha256: a02b446d8b7b167b61733a3de3be5de1342250403e72a63b18dac89e99e6180e
  md5: 2956dff38eb9f8332ad4caeba941cfe7
  depends:
  - bzip2 >=1.0.8,<2.0a0
  - libexpat >=2.7.4,<3.0a0
  - libffi >=3.5.2,<3.6.0a0
  - liblzma >=5.8.2,<6.0a0
  - libsqlite >=3.51.2,<4.0a0
  - libzlib >=1.3.1,<2.0a0
  - openssl >=3.5.5,<4.0a0
  - tk >=8.6.13,<8.7.0a0
  - tzdata
  - ucrt >=10.0.20348.0
  - vc >=14.3,<15
  - vc14_runtime >=14.44.35208
  constrains:
  - python_abi 3.12.* *_cp312
  license: Python-2.0
  size: 15840187
  timestamp: 1772728877265
- conda: https://conda.anaconda.org/conda-forge/noarch/python_abi-3.12-8_cp312.conda
  build_number: 8
  sha256: 80677180dd3c22deb7426ca89d6203f1c7f1f256f2d5a94dc210f6e758229809
  md5: c3efd25ac4d74b1584d2f7a57195ddf1
  constrains:
  - python 3.12.* *_cpython
  license: BSD-3-Clause
  license_family: BSD
  size: 6958
  timestamp: 1752805918820
- conda: https://conda.anaconda.org/conda-forge/win-64/pytokens-0.4.1-py312he5662c2_2.conda
  sha256: 77c77f2abce021f8d3d22914522f61216794c9c7cf3cc2f3404ba32b682a93c7
  md5: e29dbdd8ad6dc28918759aecccfd9a3f
  depends:
  - python
  - vc >=14.3,<15
  - vc14_runtime >=14.44.35208
  - ucrt >=10.0.20348.0
  - python_abi 3.12.* *_cp312
  license: MIT
  license_family: MIT
  size: 120751
  timestamp: 1778688854280
- conda: https://conda.anaconda.org/conda-forge/noarch/setuptools-82.0.1-pyh332efcf_0.conda
  sha256: 82088a6e4daa33329a30bc26dc19a98c7c1d3f05c0f73ce9845d4eab4924e9e1
  md5: 8e194e7b992f99a5015edbd4ebd38efd
  depends:
  - python >=3.10
  license: MIT
  license_family: MIT
  size: 639697
  timestamp: 1773074868565
- conda: https://conda.anaconda.org/conda-forge/win-64/tbb-2022.3.0-h3155e25_2.conda
  sha256: abd9a489f059fba85c8ffa1abdaa4d515d6de6a3325238b8e81203b913cf65a9
  md5: 0f9817ffbe25f9e69ceba5ea70c52606
  depends:
  - libhwloc >=2.12.2,<2.12.3.0a0
  - ucrt >=10.0.20348.0
  - vc >=14.3,<15
  - vc14_runtime >=14.44.35208
  license: Apache-2.0
  license_family: APACHE
  size: 155869
  timestamp: 1767886839029
- conda: https://conda.anaconda.org/conda-forge/win-64/tk-8.6.13-h6ed50ae_3.conda
  sha256: 0e79810fae28f3b69fe7391b0d43f5474d6bd91d451d5f2bde02f55ae481d5e3
  md5: 0481bfd9814bf525bd4b3ee4b51494c4
  depends:
  - ucrt >=10.0.20348.0
  - vc >=14.3,<15
  - vc14_runtime >=14.44.35208
  license: TCL
  license_family: BSD
  size: 3526350
  timestamp: 1769460339384
- conda: https://conda.anaconda.org/conda-forge/noarch/tzdata-2025c-hc9c84f9_1.conda
  sha256: 1d30098909076af33a35017eed6f2953af1c769e273a0626a04722ac4acaba3c
  md5: ad659d0a2b3e47e38d829aa8cad2d610
  license: LicenseRef-Public-Domain
  size: 119135
  timestamp: 1767016325805
- conda: https://conda.anaconda.org/conda-forge/win-64/ucrt-10.0.26100.0-h57928b3_0.conda
  sha256: 3005729dce6f3d3f5ec91dfc49fc75a0095f9cd23bab49efb899657297ac91a5
  md5: 71b24316859acd00bdb8b38f5e2ce328
  constrains:
  - vc14_runtime >=14.29.30037
  - vs2015_runtime >=14.29.30037
  license: LicenseRef-MicrosoftWindowsSDK10
  size: 694692
  timestamp: 1756385147981
- conda: https://conda.anaconda.org/conda-forge/win-64/vc-14.3-h41ae7f8_34.conda
  sha256: 9dc40c2610a6e6727d635c62cced5ef30b7b30123f5ef67d6139e23d21744b3a
  md5: 1e610f2416b6acdd231c5f573d754a0f
  depends:
  - vc14_runtime >=14.44.35208
  track_features:
  - vc14
  license: BSD-3-Clause
  license_family: BSD
  size: 19356
  timestamp: 1767320221521
- conda: https://conda.anaconda.org/conda-forge/win-64/vc14_runtime-14.44.35208-h818238b_34.conda
  sha256: 02732f953292cce179de9b633e74928037fa3741eb5ef91c3f8bae4f761d32a5
  md5: 37eb311485d2d8b2c419449582046a42
  depends:
  - ucrt >=10.0.20348.0
  - vcomp14 14.44.35208 h818238b_34
  constrains:
  - vs2015_runtime 14.44.35208.* *_34
  license: LicenseRef-MicrosoftVisualCpp2015-2022Runtime
  license_family: Proprietary
  size: 683233
  timestamp: 1767320219644
- conda: https://conda.anaconda.org/conda-forge/win-64/vcomp14-14.44.35208-h818238b_34.conda
  sha256: 878d5d10318b119bd98ed3ed874bd467acbe21996e1d81597a1dbf8030ea0ce6
  md5: 242d9f25d2ae60c76b38a5e42858e51d
  depends:
  - ucrt >=10.0.20348.0
  constrains:
  - vs2015_runtime 14.44.35208.* *_34
  license: LicenseRef-MicrosoftVisualCpp2015-2022Runtime
  license_family: Proprietary
  size: 115235
  timestamp: 1767320173250
- conda: https://conda.anaconda.org/conda-forge/noarch/wheel-0.47.0-pyhd8ed1ab_0.conda
  sha256: 9e156ffaefb8463437144326ada4b85d1de17961b9997ac5f1cbbaf747bd8bed
  md5: d0e3b2f0030cf4fca58bde71d246e94c
  depends:
  - packaging >=24.0
  - python >=3.10
  license: MIT
  license_family: MIT
  size: 33491
  timestamp: 1776878563806
